// !$*UTF8*$!
{
	archiveVersion = 1;
	classes = {
	};
	objectVersion = 56;
	objects = {

/* Begin PBXBuildFile section */
		4A22B3362A658B6500859F68 /* AppDelegate.swift in Sources */ = {isa = PBXBuildFile; fileRef = 4A22B3352A658B6500859F68 /* AppDelegate.swift */; };
		4A22B3382A658B6500859F68 /* SceneDelegate.swift in Sources */ = {isa = PBXBuildFile; fileRef = 4A22B3372A658B6500859F68 /* SceneDelegate.swift */; };
		4A22B33F2A658B6800859F68 /* Assets.xcassets in Resources */ = {isa = PBXBuildFile; fileRef = 4A22B33E2A658B6800859F68 /* Assets.xcassets */; };
		4A22B3422A658B6800859F68 /* LaunchScreen.storyboard in Resources */ = {isa = PBXBuildFile; fileRef = 4A22B3402A658B6800859F68 /* LaunchScreen.storyboard */; };
		4A22B34A2A658CC600859F68 /* MainTabBarController.swift in Sources */ = {isa = PBXBuildFile; fileRef = 4A22B3492A658CC600859F68 /* MainTabBarController.swift */; };
		4A22B3502A65961800859F68 /* LibraryViewController.swift in Sources */ = {isa = PBXBuildFile; fileRef = 4A22B34F2A65961800859F68 /* LibraryViewController.swift */; };
		4A22B35A2A67DB3300859F68 /* SearchResponse.swift in Sources */ = {isa = PBXBuildFile; fileRef = 4A22B3592A67DB3300859F68 /* SearchResponse.swift */; };
		4A9E94132A725F2800E9BDB9 /* NetworkService.swift in Sources */ = {isa = PBXBuildFile; fileRef = 4A9E94122A725F2800E9BDB9 /* NetworkService.swift */; };
		4A9E941F2A76681B00E9BDB9 /* SearchPresenter.swift in Sources */ = {isa = PBXBuildFile; fileRef = 4A9E94182A76681B00E9BDB9 /* SearchPresenter.swift */; };
		4A9E94202A76681B00E9BDB9 /* SearchWorker.swift in Sources */ = {isa = PBXBuildFile; fileRef = 4A9E94192A76681B00E9BDB9 /* SearchWorker.swift */; };
		4A9E94212A76681B00E9BDB9 /* SearchRouter.swift in Sources */ = {isa = PBXBuildFile; fileRef = 4A9E941A2A76681B00E9BDB9 /* SearchRouter.swift */; };
		4A9E94222A76681B00E9BDB9 /* SearchModels.swift in Sources */ = {isa = PBXBuildFile; fileRef = 4A9E941B2A76681B00E9BDB9 /* SearchModels.swift */; };
		4A9E94232A76681B00E9BDB9 /* SearchViewController.swift in Sources */ = {isa = PBXBuildFile; fileRef = 4A9E941C2A76681B00E9BDB9 /* SearchViewController.swift */; };
		4A9E94242A76681B00E9BDB9 /* SearchInteractor.swift in Sources */ = {isa = PBXBuildFile; fileRef = 4A9E941D2A76681B00E9BDB9 /* SearchInteractor.swift */; };
		4A9E94302A784ED800E9BDB9 /* TrackCell.swift in Sources */ = {isa = PBXBuildFile; fileRef = 4A9E942F2A784ED800E9BDB9 /* TrackCell.swift */; };
		4A9E94362A7ACC8400E9BDB9 /* FooterView.swift in Sources */ = {isa = PBXBuildFile; fileRef = 4A9E94352A7ACC8400E9BDB9 /* FooterView.swift */; };
		6444611E924A9D943940517E /* Pods_MusicApp.framework in Frameworks */ = {isa = PBXBuildFile; fileRef = 8EE29B6498018B6BE8ABCC79 /* Pods_MusicApp.framework */; };
/* End PBXBuildFile section */

/* Begin PBXFileReference section */
		4533FF91BF12DD5416B177D6 /* Pods-MusicApp.release.xcconfig */ = {isa = PBXFileReference; includeInIndex = 1; lastKnownFileType = text.xcconfig; name = "Pods-MusicApp.release.xcconfig"; path = "Target Support Files/Pods-MusicApp/Pods-MusicApp.release.xcconfig"; sourceTree = "<group>"; };
		4997EC73763BA6E36C1E1EF4 /* Pods-MusicApp.debug.xcconfig */ = {isa = PBXFileReference; includeInIndex = 1; lastKnownFileType = text.xcconfig; name = "Pods-MusicApp.debug.xcconfig"; path = "Target Support Files/Pods-MusicApp/Pods-MusicApp.debug.xcconfig"; sourceTree = "<group>"; };
		4A22B3322A658B6500859F68 /* MusicApp.app */ = {isa = PBXFileReference; explicitFileType = wrapper.application; includeInIndex = 0; path = MusicApp.app; sourceTree = BUILT_PRODUCTS_DIR; };
		4A22B3352A658B6500859F68 /* AppDelegate.swift */ = {isa = PBXFileReference; lastKnownFileType = sourcecode.swift; path = AppDelegate.swift; sourceTree = "<group>"; };
		4A22B3372A658B6500859F68 /* SceneDelegate.swift */ = {isa = PBXFileReference; lastKnownFileType = sourcecode.swift; path = SceneDelegate.swift; sourceTree = "<group>"; };
		4A22B33E2A658B6800859F68 /* Assets.xcassets */ = {isa = PBXFileReference; lastKnownFileType = folder.assetcatalog; path = Assets.xcassets; sourceTree = "<group>"; };
		4A22B3412A658B6800859F68 /* Base */ = {isa = PBXFileReference; lastKnownFileType = file.storyboard; name = Base; path = Base.lproj/LaunchScreen.storyboard; sourceTree = "<group>"; };
		4A22B3432A658B6800859F68 /* Info.plist */ = {isa = PBXFileReference; lastKnownFileType = text.plist.xml; path = Info.plist; sourceTree = "<group>"; };
		4A22B3492A658CC600859F68 /* MainTabBarController.swift */ = {isa = PBXFileReference; lastKnownFileType = sourcecode.swift; path = MainTabBarController.swift; sourceTree = "<group>"; };
		4A22B34F2A65961800859F68 /* LibraryViewController.swift */ = {isa = PBXFileReference; lastKnownFileType = sourcecode.swift; path = LibraryViewController.swift; sourceTree = "<group>"; };
		4A22B3592A67DB3300859F68 /* SearchResponse.swift */ = {isa = PBXFileReference; lastKnownFileType = sourcecode.swift; path = SearchResponse.swift; sourceTree = "<group>"; };
		4A9E94122A725F2800E9BDB9 /* NetworkService.swift */ = {isa = PBXFileReference; lastKnownFileType = sourcecode.swift; path = NetworkService.swift; sourceTree = "<group>"; };
		4A9E94182A76681B00E9BDB9 /* SearchPresenter.swift */ = {isa = PBXFileReference; lastKnownFileType = sourcecode.swift; path = SearchPresenter.swift; sourceTree = "<group>"; };
		4A9E94192A76681B00E9BDB9 /* SearchWorker.swift */ = {isa = PBXFileReference; lastKnownFileType = sourcecode.swift; path = SearchWorker.swift; sourceTree = "<group>"; };
		4A9E941A2A76681B00E9BDB9 /* SearchRouter.swift */ = {isa = PBXFileReference; lastKnownFileType = sourcecode.swift; path = SearchRouter.swift; sourceTree = "<group>"; };
		4A9E941B2A76681B00E9BDB9 /* SearchModels.swift */ = {isa = PBXFileReference; lastKnownFileType = sourcecode.swift; path = SearchModels.swift; sourceTree = "<group>"; };
		4A9E941C2A76681B00E9BDB9 /* SearchViewController.swift */ = {isa = PBXFileReference; lastKnownFileType = sourcecode.swift; path = SearchViewController.swift; sourceTree = "<group>"; };
		4A9E941D2A76681B00E9BDB9 /* SearchInteractor.swift */ = {isa = PBXFileReference; lastKnownFileType = sourcecode.swift; path = SearchInteractor.swift; sourceTree = "<group>"; };
		4A9E942F2A784ED800E9BDB9 /* TrackCell.swift */ = {isa = PBXFileReference; lastKnownFileType = sourcecode.swift; path = TrackCell.swift; sourceTree = "<group>"; };
		4A9E94352A7ACC8400E9BDB9 /* FooterView.swift */ = {isa = PBXFileReference; lastKnownFileType = sourcecode.swift; path = FooterView.swift; sourceTree = "<group>"; };
		8EE29B6498018B6BE8ABCC79 /* Pods_MusicApp.framework */ = {isa = PBXFileReference; explicitFileType = wrapper.framework; includeInIndex = 0; path = Pods_MusicApp.framework; sourceTree = BUILT_PRODUCTS_DIR; };
/* End PBXFileReference section */

/* Begin PBXFrameworksBuildPhase section */
		4A22B32F2A658B6500859F68 /* Frameworks */ = {
			isa = PBXFrameworksBuildPhase;
			buildActionMask = 2147483647;
			files = (
				6444611E924A9D943940517E /* Pods_MusicApp.framework in Frameworks */,
			);
			runOnlyForDeploymentPostprocessing = 0;
		};
/* End PBXFrameworksBuildPhase section */

/* Begin PBXGroup section */
		04E8F7D33C30FAAAC0A6070A /* Frameworks */ = {
			isa = PBXGroup;
			children = (
				8EE29B6498018B6BE8ABCC79 /* Pods_MusicApp.framework */,
			);
			name = Frameworks;
			sourceTree = "<group>";
		};
		4A22B3292A658B6500859F68 = {
			isa = PBXGroup;
			children = (
				4A22B3342A658B6500859F68 /* MusicApp */,
				4A22B3332A658B6500859F68 /* Products */,
				F566BA325922545DB4D3578A /* Pods */,
				04E8F7D33C30FAAAC0A6070A /* Frameworks */,
			);
			sourceTree = "<group>";
		};
		4A22B3332A658B6500859F68 /* Products */ = {
			isa = PBXGroup;
			children = (
				4A22B3322A658B6500859F68 /* MusicApp.app */,
			);
			name = Products;
			sourceTree = "<group>";
		};
		4A22B3342A658B6500859F68 /* MusicApp */ = {
			isa = PBXGroup;
			children = (
				4A22B3352A658B6500859F68 /* AppDelegate.swift */,
				4A22B3372A658B6500859F68 /* SceneDelegate.swift */,
				4A22B3492A658CC600859F68 /* MainTabBarController.swift */,
				4A9E942D2A784D8800E9BDB9 /* Service */,
				4A9E94172A7667F300E9BDB9 /* Search */,
				4A22B34F2A65961800859F68 /* LibraryViewController.swift */,
				4A22B33E2A658B6800859F68 /* Assets.xcassets */,
				4A22B3402A658B6800859F68 /* LaunchScreen.storyboard */,
				4A22B3432A658B6800859F68 /* Info.plist */,
			);
			path = MusicApp;
			sourceTree = "<group>";
		};
		4A9E94172A7667F300E9BDB9 /* Search */ = {
			isa = PBXGroup;
			children = (
				4A9E941C2A76681B00E9BDB9 /* SearchViewController.swift */,
				4A9E941D2A76681B00E9BDB9 /* SearchInteractor.swift */,
				4A9E94182A76681B00E9BDB9 /* SearchPresenter.swift */,
				4A9E941B2A76681B00E9BDB9 /* SearchModels.swift */,
				4A9E94192A76681B00E9BDB9 /* SearchWorker.swift */,
				4A9E941A2A76681B00E9BDB9 /* SearchRouter.swift */,
				4A9E942E2A784EB400E9BDB9 /* Cell */,
				4A9E94342A7ACC5100E9BDB9 /* FooterView */,
			);
			path = Search;
			sourceTree = "<group>";
		};
		4A9E942D2A784D8800E9BDB9 /* Service */ = {
			isa = PBXGroup;
			children = (
				4A9E94122A725F2800E9BDB9 /* NetworkService.swift */,
				4A9E94312A79060800E9BDB9 /* Models */,
			);
			path = Service;
			sourceTree = "<group>";
		};
		4A9E942E2A784EB400E9BDB9 /* Cell */ = {
			isa = PBXGroup;
			children = (
				4A9E942F2A784ED800E9BDB9 /* TrackCell.swift */,
			);
			path = Cell;
			sourceTree = "<group>";
		};
		4A9E94312A79060800E9BDB9 /* Models */ = {
			isa = PBXGroup;
			children = (
				4A22B3592A67DB3300859F68 /* SearchResponse.swift */,
			);
			path = Models;
			sourceTree = "<group>";
		};
		4A9E94342A7ACC5100E9BDB9 /* FooterView */ = {
			isa = PBXGroup;
			children = (
				4A9E94352A7ACC8400E9BDB9 /* FooterView.swift */,
			);
			path = FooterView;
			sourceTree = "<group>";
		};
		F566BA325922545DB4D3578A /* Pods */ = {
			isa = PBXGroup;
			children = (
				4997EC73763BA6E36C1E1EF4 /* Pods-MusicApp.debug.xcconfig */,
				4533FF91BF12DD5416B177D6 /* Pods-MusicApp.release.xcconfig */,
			);
			path = Pods;
			sourceTree = "<group>";
		};
/* End PBXGroup section */

/* Begin PBXNativeTarget section */
		4A22B3312A658B6500859F68 /* MusicApp */ = {
			isa = PBXNativeTarget;
			buildConfigurationList = 4A22B3462A658B6800859F68 /* Build configuration list for PBXNativeTarget "MusicApp" */;
			buildPhases = (
				8DDBE3DFEA794B761918C292 /* [CP] Check Pods Manifest.lock */,
				4A22B32E2A658B6500859F68 /* Sources */,
				4A22B32F2A658B6500859F68 /* Frameworks */,
				4A22B3302A658B6500859F68 /* Resources */,
				11FA3DB7FB7003C9CCAE7B20 /* [CP] Embed Pods Frameworks */,
			);
			buildRules = (
			);
			dependencies = (
			);
			name = MusicApp;
			productName = MusicApp;
			productReference = 4A22B3322A658B6500859F68 /* MusicApp.app */;
			productType = "com.apple.product-type.application";
		};
/* End PBXNativeTarget section */

/* Begin PBXProject section */
		4A22B32A2A658B6500859F68 /* Project object */ = {
			isa = PBXProject;
			attributes = {
				BuildIndependentTargetsInParallel = 1;
				LastSwiftUpdateCheck = 1430;
				LastUpgradeCheck = 1430;
				TargetAttributes = {
					4A22B3312A658B6500859F68 = {
						CreatedOnToolsVersion = 14.3.1;
					};
				};
			};
			buildConfigurationList = 4A22B32D2A658B6500859F68 /* Build configuration list for PBXProject "MusicApp" */;
			compatibilityVersion = "Xcode 14.0";
			developmentRegion = en;
			hasScannedForEncodings = 0;
			knownRegions = (
				en,
				Base,
			);
			mainGroup = 4A22B3292A658B6500859F68;
			productRefGroup = 4A22B3332A658B6500859F68 /* Products */;
			projectDirPath = "";
			projectRoot = "";
			targets = (
				4A22B3312A658B6500859F68 /* MusicApp */,
			);
		};
/* End PBXProject section */

/* Begin PBXResourcesBuildPhase section */
		4A22B3302A658B6500859F68 /* Resources */ = {
			isa = PBXResourcesBuildPhase;
			buildActionMask = 2147483647;
			files = (
				4A22B3422A658B6800859F68 /* LaunchScreen.storyboard in Resources */,
				4A22B33F2A658B6800859F68 /* Assets.xcassets in Resources */,
			);
			runOnlyForDeploymentPostprocessing = 0;
		};
/* End PBXResourcesBuildPhase section */

/* Begin PBXShellScriptBuildPhase section */
		11FA3DB7FB7003C9CCAE7B20 /* [CP] Embed Pods Frameworks */ = {
			isa = PBXShellScriptBuildPhase;
			buildActionMask = 2147483647;
			files = (
			);
			inputFileListPaths = (
				"${PODS_ROOT}/Target Support Files/Pods-MusicApp/Pods-MusicApp-frameworks-${CONFIGURATION}-input-files.xcfilelist",
			);
			name = "[CP] Embed Pods Frameworks";
			outputFileListPaths = (
				"${PODS_ROOT}/Target Support Files/Pods-MusicApp/Pods-MusicApp-frameworks-${CONFIGURATION}-output-files.xcfilelist",
			);
			runOnlyForDeploymentPostprocessing = 0;
			shellPath = /bin/sh;
			shellScript = "\"${PODS_ROOT}/Target Support Files/Pods-MusicApp/Pods-MusicApp-frameworks.sh\"\n";
			showEnvVarsInLog = 0;
		};
		8DDBE3DFEA794B761918C292 /* [CP] Check Pods Manifest.lock */ = {
			isa = PBXShellScriptBuildPhase;
			buildActionMask = 2147483647;
			files = (
			);
			inputFileListPaths = (
			);
			inputPaths = (
				"${PODS_PODFILE_DIR_PATH}/Podfile.lock",
				"${PODS_ROOT}/Manifest.lock",
			);
			name = "[CP] Check Pods Manifest.lock";
			outputFileListPaths = (
			);
			outputPaths = (
				"$(DERIVED_FILE_DIR)/Pods-MusicApp-checkManifestLockResult.txt",
			);
			runOnlyForDeploymentPostprocessing = 0;
			shellPath = /bin/sh;
			shellScript = "diff \"${PODS_PODFILE_DIR_PATH}/Podfile.lock\" \"${PODS_ROOT}/Manifest.lock\" > /dev/null\nif [ $? != 0 ] ; then\n    # print error to STDERR\n    echo \"error: The sandbox is not in sync with the Podfile.lock. Run 'pod install' or update your CocoaPods installation.\" >&2\n    exit 1\nfi\n# This output is used by Xcode 'outputs' to avoid re-running this script phase.\necho \"SUCCESS\" > \"${SCRIPT_OUTPUT_FILE_0}\"\n";
			showEnvVarsInLog = 0;
		};
/* End PBXShellScriptBuildPhase section */

/* Begin PBXSourcesBuildPhase section */
		4A22B32E2A658B6500859F68 /* Sources */ = {
			isa = PBXSourcesBuildPhase;
			buildActionMask = 2147483647;
			files = (
				4A22B35A2A67DB3300859F68 /* SearchResponse.swift in Sources */,
				4A9E94362A7ACC8400E9BDB9 /* FooterView.swift in Sources */,
				4A22B3362A658B6500859F68 /* AppDelegate.swift in Sources */,
				4A22B3502A65961800859F68 /* LibraryViewController.swift in Sources */,
				4A9E94242A76681B00E9BDB9 /* SearchInteractor.swift in Sources */,
				4A22B34A2A658CC600859F68 /* MainTabBarController.swift in Sources */,
				4A9E94202A76681B00E9BDB9 /* SearchWorker.swift in Sources */,
				4A9E94232A76681B00E9BDB9 /* SearchViewController.swift in Sources */,
				4A9E94302A784ED800E9BDB9 /* TrackCell.swift in Sources */,
				4A9E94212A76681B00E9BDB9 /* SearchRouter.swift in Sources */,
				4A9E94222A76681B00E9BDB9 /* SearchModels.swift in Sources */,
				4A22B3382A658B6500859F68 /* SceneDelegate.swift in Sources */,
				4A9E941F2A76681B00E9BDB9 /* SearchPresenter.swift in Sources */,
				4A9E94132A725F2800E9BDB9 /* NetworkService.swift in Sources */,
			);
			runOnlyForDeploymentPostprocessing = 0;
		};
/* End PBXSourcesBuildPhase section */

/* Begin PBXVariantGroup section */
		4A22B3402A658B6800859F68 /* LaunchScreen.storyboard */ = {
			isa = PBXVariantGroup;
			children = (
				4A22B3412A658B6800859F68 /* Base */,
			);
			name = LaunchScreen.storyboard;
			sourceTree = "<group>";
		};
/* End PBXVariantGroup section */

/* Begin XCBuildConfiguration section */
		4A22B3442A658B6800859F68 /* Debug */ = {
			isa = XCBuildConfiguration;
			buildSettings = {
				ALWAYS_SEARCH_USER_PATHS = NO;
				CLANG_ANALYZER_NONNULL = YES;
				CLANG_ANALYZER_NUMBER_OBJECT_CONVERSION = YES_AGGRESSIVE;
				CLANG_CXX_LANGUAGE_STANDARD = "gnu++20";
				CLANG_ENABLE_MODULES = YES;
				CLANG_ENABLE_OBJC_ARC = YES;
				CLANG_ENABLE_OBJC_WEAK = YES;
				CLANG_WARN_BLOCK_CAPTURE_AUTORELEASING = YES;
				CLANG_WARN_BOOL_CONVERSION = YES;
				CLANG_WARN_COMMA = YES;
				CLANG_WARN_CONSTANT_CONVERSION = YES;
				CLANG_WARN_DEPRECATED_OBJC_IMPLEMENTATIONS = YES;
				CLANG_WARN_DIRECT_OBJC_ISA_USAGE = YES_ERROR;
				CLANG_WARN_DOCUMENTATION_COMMENTS = YES;
				CLANG_WARN_EMPTY_BODY = YES;
				CLANG_WARN_ENUM_CONVERSION = YES;
				CLANG_WARN_INFINITE_RECURSION = YES;
				CLANG_WARN_INT_CONVERSION = YES;
				CLANG_WARN_NON_LITERAL_NULL_CONVERSION = YES;
				CLANG_WARN_OBJC_IMPLICIT_RETAIN_SELF = YES;
				CLANG_WARN_OBJC_LITERAL_CONVERSION = YES;
				CLANG_WARN_OBJC_ROOT_CLASS = YES_ERROR;
				CLANG_WARN_QUOTED_INCLUDE_IN_FRAMEWORK_HEADER = YES;
				CLANG_WARN_RANGE_LOOP_ANALYSIS = YES;
				CLANG_WARN_STRICT_PROTOTYPES = YES;
				CLANG_WARN_SUSPICIOUS_MOVE = YES;
				CLANG_WARN_UNGUARDED_AVAILABILITY = YES_AGGRESSIVE;
				CLANG_WARN_UNREACHABLE_CODE = YES;
				CLANG_WARN__DUPLICATE_METHOD_MATCH = YES;
				COPY_PHASE_STRIP = NO;
				DEBUG_INFORMATION_FORMAT = dwarf;
				ENABLE_STRICT_OBJC_MSGSEND = YES;
				ENABLE_TESTABILITY = YES;
				GCC_C_LANGUAGE_STANDARD = gnu11;
				GCC_DYNAMIC_NO_PIC = NO;
				GCC_NO_COMMON_BLOCKS = YES;
				GCC_OPTIMIZATION_LEVEL = 0;
				GCC_PREPROCESSOR_DEFINITIONS = (
					"DEBUG=1",
					"$(inherited)",
				);
				GCC_WARN_64_TO_32_BIT_CONVERSION = YES;
				GCC_WARN_ABOUT_RETURN_TYPE = YES_ERROR;
				GCC_WARN_UNDECLARED_SELECTOR = YES;
				GCC_WARN_UNINITIALIZED_AUTOS = YES_AGGRESSIVE;
				GCC_WARN_UNUSED_FUNCTION = YES;
				GCC_WARN_UNUSED_VARIABLE = YES;
				IPHONEOS_DEPLOYMENT_TARGET = 16.4;
				MTL_ENABLE_DEBUG_INFO = INCLUDE_SOURCE;
				MTL_FAST_MATH = YES;
				ONLY_ACTIVE_ARCH = YES;
				SDKROOT = iphoneos;
				SWIFT_ACTIVE_COMPILATION_CONDITIONS = DEBUG;
				SWIFT_OPTIMIZATION_LEVEL = "-Onone";
			};
			name = Debug;
		};
		4A22B3452A658B6800859F68 /* Release */ = {
			isa = XCBuildConfiguration;
			buildSettings = {
				ALWAYS_SEARCH_USER_PATHS = NO;
				CLANG_ANALYZER_NONNULL = YES;
				CLANG_ANALYZER_NUMBER_OBJECT_CONVERSION = YES_AGGRESSIVE;
				CLANG_CXX_LANGUAGE_STANDARD = "gnu++20";
				CLANG_ENABLE_MODULES = YES;
				CLANG_ENABLE_OBJC_ARC = YES;
				CLANG_ENABLE_OBJC_WEAK = YES;
				CLANG_WARN_BLOCK_CAPTURE_AUTORELEASING = YES;
				CLANG_WARN_BOOL_CONVERSION = YES;
				CLANG_WARN_COMMA = YES;
				CLANG_WARN_CONSTANT_CONVERSION = YES;
				CLANG_WARN_DEPRECATED_OBJC_IMPLEMENTATIONS = YES;
				CLANG_WARN_DIRECT_OBJC_ISA_USAGE = YES_ERROR;
				CLANG_WARN_DOCUMENTATION_COMMENTS = YES;
				CLANG_WARN_EMPTY_BODY = YES;
				CLANG_WARN_ENUM_CONVERSION = YES;
				CLANG_WARN_INFINITE_RECURSION = YES;
				CLANG_WARN_INT_CONVERSION = YES;
				CLANG_WARN_NON_LITERAL_NULL_CONVERSION = YES;
				CLANG_WARN_OBJC_IMPLICIT_RETAIN_SELF = YES;
				CLANG_WARN_OBJC_LITERAL_CONVERSION = YES;
				CLANG_WARN_OBJC_ROOT_CLASS = YES_ERROR;
				CLANG_WARN_QUOTED_INCLUDE_IN_FRAMEWORK_HEADER = YES;
				CLANG_WARN_RANGE_LOOP_ANALYSIS = YES;
				CLANG_WARN_STRICT_PROTOTYPES = YES;
				CLANG_WARN_SUSPICIOUS_MOVE = YES;
				CLANG_WARN_UNGUARDED_AVAILABILITY = YES_AGGRESSIVE;
				CLANG_WARN_UNREACHABLE_CODE = YES;
				CLANG_WARN__DUPLICATE_METHOD_MATCH = YES;
				COPY_PHASE_STRIP = NO;
				DEBUG_INFORMATION_FORMAT = "dwarf-with-dsym";
				ENABLE_NS_ASSERTIONS = NO;
				ENABLE_STRICT_OBJC_MSGSEND = YES;
				GCC_C_LANGUAGE_STANDARD = gnu11;
				GCC_NO_COMMON_BLOCKS = YES;
				GCC_WARN_64_TO_32_BIT_CONVERSION = YES;
				GCC_WARN_ABOUT_RETURN_TYPE = YES_ERROR;
				GCC_WARN_UNDECLARED_SELECTOR = YES;
				GCC_WARN_UNINITIALIZED_AUTOS = YES_AGGRESSIVE;
				GCC_WARN_UNUSED_FUNCTION = YES;
				GCC_WARN_UNUSED_VARIABLE = YES;
				IPHONEOS_DEPLOYMENT_TARGET = 16.4;
				MTL_ENABLE_DEBUG_INFO = NO;
				MTL_FAST_MATH = YES;
				SDKROOT = iphoneos;
				SWIFT_COMPILATION_MODE = wholemodule;
				SWIFT_OPTIMIZATION_LEVEL = "-O";
				VALIDATE_PRODUCT = YES;
			};
			name = Release;
		};
		4A22B3472A658B6800859F68 /* Debug */ = {
			isa = XCBuildConfiguration;
			baseConfigurationReference = 4997EC73763BA6E36C1E1EF4 /* Pods-MusicApp.debug.xcconfig */;
			buildSettings = {
				ASSETCATALOG_COMPILER_APPICON_NAME = AppIcon;
				ASSETCATALOG_COMPILER_GLOBAL_ACCENT_COLOR_NAME = AccentColor;
				CODE_SIGN_STYLE = Automatic;
				CURRENT_PROJECT_VERSION = 1;
				DEVELOPMENT_TEAM = 7PUJF8P767;
				GENERATE_INFOPLIST_FILE = YES;
				INFOPLIST_FILE = MusicApp/Info.plist;
				INFOPLIST_KEY_LSApplicationCategoryType = "";
				INFOPLIST_KEY_UIApplicationSupportsIndirectInputEvents = YES;
				INFOPLIST_KEY_UILaunchStoryboardName = LaunchScreen;
				INFOPLIST_KEY_UISupportedInterfaceOrientations_iPad = "UIInterfaceOrientationPortrait UIInterfaceOrientationPortraitUpsideDown UIInterfaceOrientationLandscapeLeft UIInterfaceOrientationLandscapeRight";
				INFOPLIST_KEY_UISupportedInterfaceOrientations_iPhone = "UIInterfaceOrientationPortrait UIInterfaceOrientationLandscapeLeft UIInterfaceOrientationLandscapeRight";
				LD_RUNPATH_SEARCH_PATHS = (
					"$(inherited)",
					"@executable_path/Frameworks",
				);
				MARKETING_VERSION = 1.0;
				PRODUCT_BUNDLE_IDENTIFIER = com.maybert.MusicApp;
				PRODUCT_NAME = "$(TARGET_NAME)";
				SWIFT_EMIT_LOC_STRINGS = YES;
				SWIFT_VERSION = 5.0;
				TARGETED_DEVICE_FAMILY = "1,2";
			};
			name = Debug;
		};
		4A22B3482A658B6800859F68 /* Release */ = {
			isa = XCBuildConfiguration;
			baseConfigurationReference = 4533FF91BF12DD5416B177D6 /* Pods-MusicApp.release.xcconfig */;
			buildSettings = {
				ASSETCATALOG_COMPILER_APPICON_NAME = AppIcon;
				ASSETCATALOG_COMPILER_GLOBAL_ACCENT_COLOR_NAME = AccentColor;
				CODE_SIGN_STYLE = Automatic;
				CURRENT_PROJECT_VERSION = 1;
				DEVELOPMENT_TEAM = 7PUJF8P767;
				GENERATE_INFOPLIST_FILE = YES;
				INFOPLIST_FILE = MusicApp/Info.plist;
				INFOPLIST_KEY_LSApplicationCategoryType = "";
				INFOPLIST_KEY_UIApplicationSupportsIndirectInputEvents = YES;
				INFOPLIST_KEY_UILaunchStoryboardName = LaunchScreen;
				INFOPLIST_KEY_UISupportedInterfaceOrientations_iPad = "UIInterfaceOrientationPortrait UIInterfaceOrientationPortraitUpsideDown UIInterfaceOrientationLandscapeLeft UIInterfaceOrientationLandscapeRight";
				INFOPLIST_KEY_UISupportedInterfaceOrientations_iPhone = "UIInterfaceOrientationPortrait UIInterfaceOrientationLandscapeLeft UIInterfaceOrientationLandscapeRight";
				LD_RUNPATH_SEARCH_PATHS = (
					"$(inherited)",
					"@executable_path/Frameworks",
				);
				MARKETING_VERSION = 1.0;
				PRODUCT_BUNDLE_IDENTIFIER = com.maybert.MusicApp;
				PRODUCT_NAME = "$(TARGET_NAME)";
				SWIFT_EMIT_LOC_STRINGS = YES;
				SWIFT_VERSION = 5.0;
				TARGETED_DEVICE_FAMILY = "1,2";
			};
			name = Release;
		};
/* End XCBuildConfiguration section */

/* Begin XCConfigurationList section */
		4A22B32D2A658B6500859F68 /* Build configuration list for PBXProject "MusicApp" */ = {
			isa = XCConfigurationList;
			buildConfigurations = (
				4A22B3442A658B6800859F68 /* Debug */,
				4A22B3452A658B6800859F68 /* Release */,
			);
			defaultConfigurationIsVisible = 0;
			defaultConfigurationName = Release;
		};
		4A22B3462A658B6800859F68 /* Build configuration list for PBXNativeTarget "MusicApp" */ = {
			isa = XCConfigurationList;
			buildConfigurations = (
				4A22B3472A658B6800859F68 /* Debug */,
				4A22B3482A658B6800859F68 /* Release */,
			);
			defaultConfigurationIsVisible = 0;
			defaultConfigurationName = Release;
		};
/* End XCConfigurationList section */
	};
	rootObject = 4A22B32A2A658B6500859F68 /* Project object */;
}
